
Microsoft Visual Studio Solution File, Format Version 12.00
# Visual Studio 15
VisualStudioVersion = 15.0.27428.2043
MinimumVisualStudioVersion = 10.0.40219.1
Project("{FAE04EC0-301F-11D3-BF4B-00C04F79EFBC}") = "LukeVo.EnvironmentSettings", "LukeVo.EnvironmentSettings\LukeVo.EnvironmentSettings.csproj", "{022F0EF0-346A-4190-8134-D40036CD74C8}"
EndProject
Global
	GlobalSection(SolutionConfigurationPlatforms) = preSolution
		Debug|Any CPU = Debug|Any CPU
		Release|Any CPU = Release|Any CPU
	EndGlobalSection
	GlobalSection(ProjectConfigurationPlatforms) = postSolution
		{022F0EF0-346A-4190-8134-D40036CD74C8}.Debug|Any CPU.ActiveCfg = Debug|Any CPU
		{022F0EF0-346A-4190-8134-D40036CD74C8}.Debug|Any CPU.Build.0 = Debug|Any CPU
		{022F0EF0-346A-4190-8134-D40036CD74C8}.Release|Any CPU.ActiveCfg = Release|Any CPU
		{022F0EF0-346A-4190-8134-D40036CD74C8}.Release|Any CPU.Build.0 = Release|Any CPU
	EndGlobalSection
	GlobalSection(SolutionProperties) = preSolution
		HideSolutionNode = FALSE
	EndGlobalSection
	GlobalSection(ExtensibilityGlobals) = postSolution
		SolutionGuid = {9C2D4B36-D5D0-409B-ACBC-71A8EA5707D2}
	EndGlobalSection
EndGlobal
